// !$*UTF8*$!
{
	archiveVersion = 1;
	classes = {
	};
	objectVersion = 46;
	objects = {

/* Begin PBXBuildFile section */
		FD57BD201A84BB860045DE36 /* AppDelegate.swift in Sources */ = {isa = PBXBuildFile; fileRef = FD57BD1F1A84BB860045DE36 /* AppDelegate.swift */; };
		FD57BD221A84BB860045DE36 /* ViewController.swift in Sources */ = {isa = PBXBuildFile; fileRef = FD57BD211A84BB860045DE36 /* ViewController.swift */; };
		FD57BD251A84BB860045DE36 /* Main.storyboard in Resources */ = {isa = PBXBuildFile; fileRef = FD57BD231A84BB860045DE36 /* Main.storyboard */; };
		FD57BD271A84BB860045DE36 /* Images.xcassets in Resources */ = {isa = PBXBuildFile; fileRef = FD57BD261A84BB860045DE36 /* Images.xcassets */; };
		FD57BD2A1A84BB860045DE36 /* LaunchScreen.xib in Resources */ = {isa = PBXBuildFile; fileRef = FD57BD281A84BB860045DE36 /* LaunchScreen.xib */; };
		FD57BD361A84BB860045DE36 /* onetwothreeTests.swift in Sources */ = {isa = PBXBuildFile; fileRef = FD57BD351A84BB860045DE36 /* onetwothreeTests.swift */; };
		FD57BD401A84C49B0045DE36 /* invoker.jpg in Resources */ = {isa = PBXBuildFile; fileRef = FD57BD3F1A84C49B0045DE36 /* invoker.jpg */; };
		FD57BD441A84CA2D0045DE36 /* gold-number-3.jpg in Resources */ = {isa = PBXBuildFile; fileRef = FD57BD411A84CA2D0045DE36 /* gold-number-3.jpg */; };
		FD57BD451A84CA2D0045DE36 /* 2FAQ.jpg in Resources */ = {isa = PBXBuildFile; fileRef = FD57BD421A84CA2D0045DE36 /* 2FAQ.jpg */; };
		FD57BD461A84CA2D0045DE36 /* img-thing.jpeg in Resources */ = {isa = PBXBuildFile; fileRef = FD57BD431A84CA2D0045DE36 /* img-thing.jpeg */; };
/* End PBXBuildFile section */

/* Begin PBXContainerItemProxy section */
		FD57BD301A84BB860045DE36 /* PBXContainerItemProxy */ = {
			isa = PBXContainerItemProxy;
			containerPortal = FD57BD121A84BB860045DE36 /* Project object */;
			proxyType = 1;
			remoteGlobalIDString = FD57BD191A84BB860045DE36;
			remoteInfo = onetwothree;
		};
/* End PBXContainerItemProxy section */

/* Begin PBXFileReference section */
		FD57BD1A1A84BB860045DE36 /* onetwothree.app */ = {isa = PBXFileReference; explicitFileType = wrapper.application; includeInIndex = 0; path = onetwothree.app; sourceTree = BUILT_PRODUCTS_DIR; };
		FD57BD1E1A84BB860045DE36 /* Info.plist */ = {isa = PBXFileReference; lastKnownFileType = text.plist.xml; path = Info.plist; sourceTree = "<group>"; };
		FD57BD1F1A84BB860045DE36 /* AppDelegate.swift */ = {isa = PBXFileReference; lastKnownFileType = sourcecode.swift; path = AppDelegate.swift; sourceTree = "<group>"; };
		FD57BD211A84BB860045DE36 /* ViewController.swift */ = {isa = PBXFileReference; lastKnownFileType = sourcecode.swift; path = ViewController.swift; sourceTree = "<group>"; };
		FD57BD241A84BB860045DE36 /* Base */ = {isa = PBXFileReference; lastKnownFileType = file.storyboard; name = Base; path = Base.lproj/Main.storyboard; sourceTree = "<group>"; };
		FD57BD261A84BB860045DE36 /* Images.xcassets */ = {isa = PBXFileReference; lastKnownFileType = folder.assetcatalog; path = Images.xcassets; sourceTree = "<group>"; };
		FD57BD291A84BB860045DE36 /* Base */ = {isa = PBXFileReference; lastKnownFileType = file.xib; name = Base; path = Base.lproj/LaunchScreen.xib; sourceTree = "<group>"; };
		FD57BD2F1A84BB860045DE36 /* onetwothreeTests.xctest */ = {isa = PBXFileReference; explicitFileType = wrapper.cfbundle; includeInIndex = 0; path = onetwothreeTests.xctest; sourceTree = BUILT_PRODUCTS_DIR; };
		FD57BD341A84BB860045DE36 /* Info.plist */ = {isa = PBXFileReference; lastKnownFileType = text.plist.xml; path = Info.plist; sourceTree = "<group>"; };
		FD57BD351A84BB860045DE36 /* onetwothreeTests.swift */ = {isa = PBXFileReference; lastKnownFileType = sourcecode.swift; path = onetwothreeTests.swift; sourceTree = "<group>"; };
		FD57BD3F1A84C49B0045DE36 /* invoker.jpg */ = {isa = PBXFileReference; lastKnownFileType = image.jpeg; name = invoker.jpg; path = ../../../../invoker.jpg; sourceTree = "<group>"; };
		FD57BD411A84CA2D0045DE36 /* gold-number-3.jpg */ = {isa = PBXFileReference; lastKnownFileType = image.jpeg; name = "gold-number-3.jpg"; path = "../../../../gold-number-3.jpg"; sourceTree = "<group>"; };
		FD57BD421A84CA2D0045DE36 /* 2FAQ.jpg */ = {isa = PBXFileReference; lastKnownFileType = image.jpeg; name = 2FAQ.jpg; path = ../../../../2FAQ.jpg; sourceTree = "<group>"; };
		FD57BD431A84CA2D0045DE36 /* img-thing.jpeg */ = {isa = PBXFileReference; lastKnownFileType = image.jpeg; name = "img-thing.jpeg"; path = "../../../../img-thing.jpeg"; sourceTree = "<group>"; };
/* End PBXFileReference section */

/* Begin PBXFrameworksBuildPhase section */
		FD57BD171A84BB860045DE36 /* Frameworks */ = {
			isa = PBXFrameworksBuildPhase;
			buildActionMask = 2147483647;
			files = (
			);
			runOnlyForDeploymentPostprocessing = 0;
		};
		FD57BD2C1A84BB860045DE36 /* Frameworks */ = {
			isa = PBXFrameworksBuildPhase;
			buildActionMask = 2147483647;
			files = (
			);
			runOnlyForDeploymentPostprocessing = 0;
		};
/* End PBXFrameworksBuildPhase section */

/* Begin PBXGroup section */
		FD57BD111A84BB860045DE36 = {
			isa = PBXGroup;
			children = (
				FD57BD1C1A84BB860045DE36 /* onetwothree */,
				FD57BD321A84BB860045DE36 /* onetwothreeTests */,
				FD57BD1B1A84BB860045DE36 /* Products */,
			);
			sourceTree = "<group>";
		};
		FD57BD1B1A84BB860045DE36 /* Products */ = {
			isa = PBXGroup;
			children = (
				FD57BD1A1A84BB860045DE36 /* onetwothree.app */,
				FD57BD2F1A84BB860045DE36 /* onetwothreeTests.xctest */,
			);
			name = Products;
			sourceTree = "<group>";
		};
		FD57BD1C1A84BB860045DE36 /* onetwothree */ = {
			isa = PBXGroup;
			children = (
				FD57BD1F1A84BB860045DE36 /* AppDelegate.swift */,
				FD57BD211A84BB860045DE36 /* ViewController.swift */,
				FD57BD231A84BB860045DE36 /* Main.storyboard */,
				FD57BD261A84BB860045DE36 /* Images.xcassets */,
				FD57BD281A84BB860045DE36 /* LaunchScreen.xib */,
				FD57BD1D1A84BB860045DE36 /* Supporting Files */,
			);
			path = onetwothree;
			sourceTree = "<group>";
		};
		FD57BD1D1A84BB860045DE36 /* Supporting Files */ = {
			isa = PBXGroup;
			children = (
				FD57BD411A84CA2D0045DE36 /* gold-number-3.jpg */,
				FD57BD421A84CA2D0045DE36 /* 2FAQ.jpg */,
				FD57BD431A84CA2D0045DE36 /* img-thing.jpeg */,
				FD57BD3F1A84C49B0045DE36 /* invoker.jpg */,
				FD57BD1E1A84BB860045DE36 /* Info.plist */,
			);
			name = "Supporting Files";
			sourceTree = "<group>";
		};
		FD57BD321A84BB860045DE36 /* onetwothreeTests */ = {
			isa = PBXGroup;
			children = (
				FD57BD351A84BB860045DE36 /* onetwothreeTests.swift */,
				FD57BD331A84BB860045DE36 /* Supporting Files */,
			);
			path = onetwothreeTests;
			sourceTree = "<group>";
		};
		FD57BD331A84BB860045DE36 /* Supporting Files */ = {
			isa = PBXGroup;
			children = (
				FD57BD341A84BB860045DE36 /* Info.plist */,
			);
			name = "Supporting Files";
			sourceTree = "<group>";
		};
/* End PBXGroup section */

/* Begin PBXNativeTarget section */
		FD57BD191A84BB860045DE36 /* onetwothree */ = {
			isa = PBXNativeTarget;
			buildConfigurationList = FD57BD391A84BB860045DE36 /* Build configuration list for PBXNativeTarget "onetwothree" */;
			buildPhases = (
				FD57BD161A84BB860045DE36 /* Sources */,
				FD57BD171A84BB860045DE36 /* Frameworks */,
				FD57BD181A84BB860045DE36 /* Resources */,
			);
			buildRules = (
			);
			dependencies = (
			);
			name = onetwothree;
			productName = onetwothree;
			productReference = FD57BD1A1A84BB860045DE36 /* onetwothree.app */;
			productType = "com.apple.product-type.application";
		};
		FD57BD2E1A84BB860045DE36 /* onetwothreeTests */ = {
			isa = PBXNativeTarget;
			buildConfigurationList = FD57BD3C1A84BB860045DE36 /* Build configuration list for PBXNativeTarget "onetwothreeTests" */;
			buildPhases = (
				FD57BD2B1A84BB860045DE36 /* Sources */,
				FD57BD2C1A84BB860045DE36 /* Frameworks */,
				FD57BD2D1A84BB860045DE36 /* Resources */,
			);
			buildRules = (
			);
			dependencies = (
				FD57BD311A84BB860045DE36 /* PBXTargetDependency */,
			);
			name = onetwothreeTests;
			productName = onetwothreeTests;
			productReference = FD57BD2F1A84BB860045DE36 /* onetwothreeTests.xctest */;
			productType = "com.apple.product-type.bundle.unit-test";
		};
/* End PBXNativeTarget section */

/* Begin PBXProject section */
		FD57BD121A84BB860045DE36 /* Project object */ = {
			isa = PBXProject;
			attributes = {
				LastUpgradeCheck = 0600;
				ORGANIZATIONNAME = iStudents;
				TargetAttributes = {
					FD57BD191A84BB860045DE36 = {
						CreatedOnToolsVersion = 6.0;
					};
					FD57BD2E1A84BB860045DE36 = {
						CreatedOnToolsVersion = 6.0;
						TestTargetID = FD57BD191A84BB860045DE36;
					};
				};
			};
			buildConfigurationList = FD57BD151A84BB860045DE36 /* Build configuration list for PBXProject "onetwothree" */;
			compatibilityVersion = "Xcode 3.2";
			developmentRegion = English;
			hasScannedForEncodings = 0;
			knownRegions = (
				en,
				Base,
			);
			mainGroup = FD57BD111A84BB860045DE36;
			productRefGroup = FD57BD1B1A84BB860045DE36 /* Products */;
			projectDirPath = "";
			projectRoot = "";
			targets = (
				FD57BD191A84BB860045DE36 /* onetwothree */,
				FD57BD2E1A84BB860045DE36 /* onetwothreeTests */,
			);
		};
/* End PBXProject section */

/* Begin PBXResourcesBuildPhase section */
		FD57BD181A84BB860045DE36 /* Resources */ = {
			isa = PBXResourcesBuildPhase;
			buildActionMask = 2147483647;
			files = (
				FD57BD401A84C49B0045DE36 /* invoker.jpg in Resources */,
				FD57BD251A84BB860045DE36 /* Main.storyboard in Resources */,
				FD57BD441A84CA2D0045DE36 /* gold-number-3.jpg in Resources */,
				FD57BD2A1A84BB860045DE36 /* LaunchScreen.xib in Resources */,
				FD57BD271A84BB860045DE36 /* Images.xcassets in Resources */,
				FD57BD461A84CA2D0045DE36 /* img-thing.jpeg in Resources */,
				FD57BD451A84CA2D0045DE36 /* 2FAQ.jpg in Resources */,
			);
			runOnlyForDeploymentPostprocessing = 0;
		};
		FD57BD2D1A84BB860045DE36 /* Resources */ = {
			isa = PBXResourcesBuildPhase;
			buildActionMask = 2147483647;
			files = (
			);
			runOnlyForDeploymentPostprocessing = 0;
		};
/* End PBXResourcesBuildPhase section */

/* Begin PBXSourcesBuildPhase section */
		FD57BD161A84BB860045DE36 /* Sources */ = {
			isa = PBXSourcesBuildPhase;
			buildActionMask = 2147483647;
			files = (
				FD57BD221A84BB860045DE36 /* ViewController.swift in Sources */,
				FD57BD201A84BB860045DE36 /* AppDelegate.swift in Sources */,
			);
			runOnlyForDeploymentPostprocessing = 0;
		};
		FD57BD2B1A84BB860045DE36 /* Sources */ = {
			isa = PBXSourcesBuildPhase;
			buildActionMask = 2147483647;
			files = (
				FD57BD361A84BB860045DE36 /* onetwothreeTests.swift in Sources */,
			);
			runOnlyForDeploymentPostprocessing = 0;
		};
/* End PBXSourcesBuildPhase section */

/* Begin PBXTargetDependency section */
		FD57BD311A84BB860045DE36 /* PBXTargetDependency */ = {
			isa = PBXTargetDependency;
			target = FD57BD191A84BB860045DE36 /* onetwothree */;
			targetProxy = FD57BD301A84BB860045DE36 /* PBXContainerItemProxy */;
		};
/* End PBXTargetDependency section */

/* Begin PBXVariantGroup section */
		FD57BD231A84BB860045DE36 /* Main.storyboard */ = {
			isa = PBXVariantGroup;
			children = (
				FD57BD241A84BB860045DE36 /* Base */,
			);
			name = Main.storyboard;
			sourceTree = "<group>";
		};
		FD57BD281A84BB860045DE36 /* LaunchScreen.xib */ = {
			isa = PBXVariantGroup;
			children = (
				FD57BD291A84BB860045DE36 /* Base */,
			);
			name = LaunchScreen.xib;
			sourceTree = "<group>";
		};
/* End PBXVariantGroup section */

/* Begin XCBuildConfiguration section */
		FD57BD371A84BB860045DE36 /* Debug */ = {
			isa = XCBuildConfiguration;
			buildSettings = {
				ALWAYS_SEARCH_USER_PATHS = NO;
				CLANG_CXX_LANGUAGE_STANDARD = "gnu++0x";
				CLANG_CXX_LIBRARY = "libc++";
				CLANG_ENABLE_MODULES = YES;
				CLANG_ENABLE_OBJC_ARC = YES;
				CLANG_WARN_BOOL_CONVERSION = YES;
				CLANG_WARN_CONSTANT_CONVERSION = YES;
				CLANG_WARN_DIRECT_OBJC_ISA_USAGE = YES_ERROR;
				CLANG_WARN_EMPTY_BODY = YES;
				CLANG_WARN_ENUM_CONVERSION = YES;
				CLANG_WARN_INT_CONVERSION = YES;
				CLANG_WARN_OBJC_ROOT_CLASS = YES_ERROR;
				CLANG_WARN_UNREACHABLE_CODE = YES;
				CLANG_WARN__DUPLICATE_METHOD_MATCH = YES;
				"CODE_SIGN_IDENTITY[sdk=iphoneos*]" = "iPhone Developer";
				COPY_PHASE_STRIP = NO;
				ENABLE_STRICT_OBJC_MSGSEND = YES;
				GCC_C_LANGUAGE_STANDARD = gnu99;
				GCC_DYNAMIC_NO_PIC = NO;
				GCC_OPTIMIZATION_LEVEL = 0;
				GCC_PREPROCESSOR_DEFINITIONS = (
					"DEBUG=1",
					"$(inherited)",
				);
				GCC_SYMBOLS_PRIVATE_EXTERN = NO;
				GCC_WARN_64_TO_32_BIT_CONVERSION = YES;
				GCC_WARN_ABOUT_RETURN_TYPE = YES_ERROR;
				GCC_WARN_UNDECLARED_SELECTOR = YES;
				GCC_WARN_UNINITIALIZED_AUTOS = YES_AGGRESSIVE;
				GCC_WARN_UNUSED_FUNCTION = YES;
				GCC_WARN_UNUSED_VARIABLE = YES;
				IPHONEOS_DEPLOYMENT_TARGET = 8.0;
				MTL_ENABLE_DEBUG_INFO = YES;
				ONLY_ACTIVE_ARCH = YES;
				SDKROOT = iphoneos;
				SWIFT_OPTIMIZATION_LEVEL = "-Onone";
			};
			name = Debug;
		};
		FD57BD381A84BB860045DE36 /* Release */ = {
			isa = XCBuildConfiguration;
			buildSettings = {
				ALWAYS_SEARCH_USER_PATHS = NO;
				CLANG_CXX_LANGUAGE_STANDARD = "gnu++0x";
				CLANG_CXX_LIBRARY = "libc++";
				CLANG_ENABLE_MODULES = YES;
				CLANG_ENABLE_OBJC_ARC = YES;
				CLANG_WARN_BOOL_CONVERSION = YES;
				CLANG_WARN_CONSTANT_CONVERSION = YES;
				CLANG_WARN_DIRECT_OBJC_ISA_USAGE = YES_ERROR;
				CLANG_WARN_EMPTY_BODY = YES;
				CLANG_WARN_ENUM_CONVERSION = YES;
				CLANG_WARN_INT_CONVERSION = YES;
				CLANG_WARN_OBJC_ROOT_CLASS = YES_ERROR;
				CLANG_WARN_UNREACHABLE_CODE = YES;
				CLANG_WARN__DUPLICATE_METHOD_MATCH = YES;
				"CODE_SIGN_IDENTITY[sdk=iphoneos*]" = "iPhone Developer";
				COPY_PHASE_STRIP = YES;
				ENABLE_NS_ASSERTIONS = NO;
				ENABLE_STRICT_OBJC_MSGSEND = YES;
				GCC_C_LANGUAGE_STANDARD = gnu99;
				GCC_WARN_64_TO_32_BIT_CONVERSION = YES;
				GCC_WARN_ABOUT_RETURN_TYPE = YES_ERROR;
				GCC_WARN_UNDECLARED_SELECTOR = YES;
				GCC_WARN_UNINITIALIZED_AUTOS = YES_AGGRESSIVE;
				GCC_WARN_UNUSED_FUNCTION = YES;
				GCC_WARN_UNUSED_VARIABLE = YES;
				IPHONEOS_DEPLOYMENT_TARGET = 8.0;
				MTL_ENABLE_DEBUG_INFO = NO;
				SDKROOT = iphoneos;
				VALIDATE_PRODUCT = YES;
			};
			name = Release;
		};
		FD57BD3A1A84BB860045DE36 /* Debug */ = {
			isa = XCBuildConfiguration;
			buildSettings = {
				ASSETCATALOG_COMPILER_APPICON_NAME = AppIcon;
				INFOPLIST_FILE = onetwothree/Info.plist;
				LD_RUNPATH_SEARCH_PATHS = "$(inherited) @executable_path/Frameworks";
				PRODUCT_NAME = "$(TARGET_NAME)";
			};
			name = Debug;
		};
		FD57BD3B1A84BB860045DE36 /* Release */ = {
			isa = XCBuildConfiguration;
			buildSettings = {
				ASSETCATALOG_COMPILER_APPICON_NAME = AppIcon;
				INFOPLIST_FILE = onetwothree/Info.plist;
				LD_RUNPATH_SEARCH_PATHS = "$(inherited) @executable_path/Frameworks";
				PRODUCT_NAME = "$(TARGET_NAME)";
			};
			name = Release;
		};
		FD57BD3D1A84BB860045DE36 /* Debug */ = {
			isa = XCBuildConfiguration;
			buildSettings = {
				BUNDLE_LOADER = "$(TEST_HOST)";
				FRAMEWORK_SEARCH_PATHS = (
					"$(SDKROOT)/Developer/Library/Frameworks",
					"$(inherited)",
				);
				GCC_PREPROCESSOR_DEFINITIONS = (
					"DEBUG=1",
					"$(inherited)",
				);
				INFOPLIST_FILE = onetwothreeTests/Info.plist;
				LD_RUNPATH_SEARCH_PATHS = "$(inherited) @executable_path/Frameworks @loader_path/Frameworks";
				PRODUCT_NAME = "$(TARGET_NAME)";
				TEST_HOST = "$(BUILT_PRODUCTS_DIR)/onetwothree.app/onetwothree";
			};
			name = Debug;
		};
		FD57BD3E1A84BB860045DE36 /* Release */ = {
			isa = XCBuildConfiguration;
			buildSettings = {
				BUNDLE_LOADER = "$(TEST_HOST)";
				FRAMEWORK_SEARCH_PATHS = (
					"$(SDKROOT)/Developer/Library/Frameworks",
					"$(inherited)",
				);
				INFOPLIST_FILE = onetwothreeTests/Info.plist;
				LD_RUNPATH_SEARCH_PATHS = "$(inherited) @executable_path/Frameworks @loader_path/Frameworks";
				PRODUCT_NAME = "$(TARGET_NAME)";
				TEST_HOST = "$(BUILT_PRODUCTS_DIR)/onetwothree.app/onetwothree";
			};
			name = Release;
		};
/* End XCBuildConfiguration section */

/* Begin XCConfigurationList section */
		FD57BD151A84BB860045DE36 /* Build configuration list for PBXProject "onetwothree" */ = {
			isa = XCConfigurationList;
			buildConfigurations = (
				FD57BD371A84BB860045DE36 /* Debug */,
				FD57BD381A84BB860045DE36 /* Release */,
			);
			defaultConfigurationIsVisible = 0;
			defaultConfigurationName = Release;
		};
		FD57BD391A84BB860045DE36 /* Build configuration list for PBXNativeTarget "onetwothree" */ = {
			isa = XCConfigurationList;
			buildConfigurations = (
				FD57BD3A1A84BB860045DE36 /* Debug */,
				FD57BD3B1A84BB860045DE36 /* Release */,
			);
			defaultConfigurationIsVisible = 0;
		};
		FD57BD3C1A84BB860045DE36 /* Build configuration list for PBXNativeTarget "onetwothreeTests" */ = {
			isa = XCConfigurationList;
			buildConfigurations = (
				FD57BD3D1A84BB860045DE36 /* Debug */,
				FD57BD3E1A84BB860045DE36 /* Release */,
			);
			defaultConfigurationIsVisible = 0;
		};
/* End XCConfigurationList section */
	};
	rootObject = FD57BD121A84BB860045DE36 /* Project object */;
}
